# This file is automatically @generated by Cargo.
# It is not intended for manual editing.
[[package]]
name = "class08"
version = "0.1.0"
dependencies = [
 "iot_io 0.1.0",
 "my_lib 0.1.0",
 "student 0.1.0",
]

[[package]]
name = "iot_io"
version = "0.1.0"

[[package]]
name = "my_lib"
version = "0.1.0"
dependencies = [
 "iot_io 0.1.0",
]

[[package]]
name = "student"
version = "0.1.0"

